# THIS IS AN AUTOGENERATED FILE. DO NOT EDIT THIS FILE DIRECTLY.
# yarn lockfile v1


fsevents@^2.3.2:
  version "2.3.2"
  resolved "https://registry.yarnpkg.com/fsevents/-/fsevents-2.3.2.tgz#8a526f78b8fdf4623b709e0b975c52c24c02fd1a"
  integrity sha512-xiqMQR4xAeHTuB9uWm+fFRcIOgKBMiOBP+eXiyT7jsgVCq1bkVygt00oASowB7EdtpOHaaPgKt812P9ab+DDKA==

progressbar.js@^1.1.0:
  version "1.1.0"
  resolved "https://registry.yarnpkg.com/progressbar.js/-/progressbar.js-1.1.0.tgz#300f99be40ba93fb0867f91dff01771236cade70"
  integrity sha512-K68/xcyXKo2I6T3PfIkXrRaycxROmWeU4bugb49iulWR25cU94PM0cfZ47S0jDhG5K3vPhZwCOy1fgb5Pgh6UQ==
  dependencies:
    shifty "^2.1.2"

shifty@^2.1.2:
  version "2.17.1"
  resolved "https://registry.yarnpkg.com/shifty/-/shifty-2.17.1.tgz#b24f78efcec5030b830bcedf3fb474ea8570e996"
  integrity sha512-ime0aar6UX4OHG8WjC84ThqLU6PWf/6UdSLCMJFvWmeYx1PmuxvRNwiJom4py7GVLv10xRfDKt0MssotIxkYhQ==
  optionalDependencies:
    fsevents "^2.3.2"

uuid@^8.3.2:
  version "8.3.2"
  resolved "https://registry.yarnpkg.com/uuid/-/uuid-8.3.2.tgz#80d5b5ced271bb9af6c445f21a1a04c606cefbe2"
  integrity sha512-+NYs2QeMWy+GWFOEm9xnn6HCDp0l7QBD7ml8zLUmJ+93Q5NF0NocErnwkTkXVFNiX3/fpC6afS8Dhb/gz7R7eg==
